
Microsoft Visual Studio Solution File, Format Version 12.00
# Visual Studio Version 16
VisualStudioVersion = 16.0.30406.217
MinimumVisualStudioVersion = 10.0.40219.1
Project("{FAE04EC0-301F-11D3-BF4B-00C04F79EFBC}") = "LogFileReader", "LogFileReader\LogFileReader.csproj", "{7CB13246-4B99-4AE7-84E0-6A829937C0B2}"
EndProject
Global
	GlobalSection(SolutionConfigurationPlatforms) = preSolution
		Debug|Any CPU = Debug|Any CPU
		Release|Any CPU = Release|Any CPU
	EndGlobalSection
	GlobalSection(ProjectConfigurationPlatforms) = postSolution
		{7CB13246-4B99-4AE7-84E0-6A829937C0B2}.Debug|Any CPU.ActiveCfg = Debug|Any CPU
		{7CB13246-4B99-4AE7-84E0-6A829937C0B2}.Debug|Any CPU.Build.0 = Debug|Any CPU
		{7CB13246-4B99-4AE7-84E0-6A829937C0B2}.Release|Any CPU.ActiveCfg = Release|Any CPU
		{7CB13246-4B99-4AE7-84E0-6A829937C0B2}.Release|Any CPU.Build.0 = Release|Any CPU
	EndGlobalSection
	GlobalSection(SolutionProperties) = preSolution
		HideSolutionNode = FALSE
	EndGlobalSection
	GlobalSection(ExtensibilityGlobals) = postSolution
		SolutionGuid = {5594EAAF-E52A-4D6D-97F4-829CA268229A}
	EndGlobalSection
EndGlobal
